Microsoft Visual Studio Solution File, Format Version 12.00
# Visual Studio 2012
Project("{FAE04EC0-301F-11D3-BF4B-00C04F79EFBC}") = "TreeEditor", "TreeEditor.csproj", "{9B0B00D7-19A4-44C9-8ED8-657CF243304C}"
EndProject
Global
	GlobalSection(SolutionConfigurationPlatforms) = preSolution
	Debug|Any CPU = Debug|Any CPU
	ExportDebug|Any CPU = ExportDebug|Any CPU
	ExportRelease|Any CPU = ExportRelease|Any CPU
	EndGlobalSection
	GlobalSection(ProjectConfigurationPlatforms) = postSolution
		{9B0B00D7-19A4-44C9-8ED8-657CF243304C}.Debug|Any CPU.ActiveCfg = Debug|Any CPU
		{9B0B00D7-19A4-44C9-8ED8-657CF243304C}.Debug|Any CPU.Build.0 = Debug|Any CPU
		{9B0B00D7-19A4-44C9-8ED8-657CF243304C}.ExportDebug|Any CPU.ActiveCfg = ExportDebug|Any CPU
		{9B0B00D7-19A4-44C9-8ED8-657CF243304C}.ExportDebug|Any CPU.Build.0 = ExportDebug|Any CPU
		{9B0B00D7-19A4-44C9-8ED8-657CF243304C}.ExportRelease|Any CPU.ActiveCfg = ExportRelease|Any CPU
		{9B0B00D7-19A4-44C9-8ED8-657CF243304C}.ExportRelease|Any CPU.Build.0 = ExportRelease|Any CPU
	EndGlobalSection
EndGlobal
